
Microsoft Visual Studio Solution File, Format Version 12.00
# Visual Studio Version 17
VisualStudioVersion = 17.9.34622.214
MinimumVisualStudioVersion = 10.0.40219.1
Project("{FAE04EC0-301F-11D3-BF4B-00C04F79EFBC}") = "Cwiczenia.1.PetlaConsole", "Cwiczenia.1.PetlaConsole\Cwiczenia.1.PetlaConsole.csproj", "{AC77B6FD-6A4C-41CB-BDEA-A5AD26C0DB93}"
EndProject
Global
	GlobalSection(SolutionConfigurationPlatforms) = preSolution
		Debug|Any CPU = Debug|Any CPU
		Release|Any CPU = Release|Any CPU
	EndGlobalSection
	GlobalSection(ProjectConfigurationPlatforms) = postSolution
		{AC77B6FD-6A4C-41CB-BDEA-A5AD26C0DB93}.Debug|Any CPU.ActiveCfg = Debug|Any CPU
		{AC77B6FD-6A4C-41CB-BDEA-A5AD26C0DB93}.Debug|Any CPU.Build.0 = Debug|Any CPU
		{AC77B6FD-6A4C-41CB-BDEA-A5AD26C0DB93}.Release|Any CPU.ActiveCfg = Release|Any CPU
		{AC77B6FD-6A4C-41CB-BDEA-A5AD26C0DB93}.Release|Any CPU.Build.0 = Release|Any CPU
	EndGlobalSection
	GlobalSection(SolutionProperties) = preSolution
		HideSolutionNode = FALSE
	EndGlobalSection
	GlobalSection(ExtensibilityGlobals) = postSolution
		SolutionGuid = {5D3E05D1-39F8-435F-9AAE-1EFB7190D423}
	EndGlobalSection
EndGlobal
